// !$*UTF8*$!
{
	archiveVersion = 1;
	classes = {
	};
	objectVersion = 55;
	objects = {

/* Begin PBXBuildFile section */
		AE123DF428BF356D00CC18CD /* AppDelegate.swift in Sources */ = {isa = PBXBuildFile; fileRef = AE123DF328BF356D00CC18CD /* AppDelegate.swift */; };
		AE123DF628BF356D00CC18CD /* SceneDelegate.swift in Sources */ = {isa = PBXBuildFile; fileRef = AE123DF528BF356D00CC18CD /* SceneDelegate.swift */; };
		AE123DF828BF356D00CC18CD /* ViewController.swift in Sources */ = {isa = PBXBuildFile; fileRef = AE123DF728BF356D00CC18CD /* ViewController.swift */; };
		AE123DFB28BF356D00CC18CD /* Main.storyboard in Resources */ = {isa = PBXBuildFile; fileRef = AE123DF928BF356D00CC18CD /* Main.storyboard */; };
		AE123DFD28BF356F00CC18CD /* Assets.xcassets in Resources */ = {isa = PBXBuildFile; fileRef = AE123DFC28BF356F00CC18CD /* Assets.xcassets */; };
		AE123E0028BF356F00CC18CD /* LaunchScreen.storyboard in Resources */ = {isa = PBXBuildFile; fileRef = AE123DFE28BF356F00CC18CD /* LaunchScreen.storyboard */; };
		AE123E0928BF390E00CC18CD /* MemoModel.swift in Sources */ = {isa = PBXBuildFile; fileRef = AE123E0828BF390E00CC18CD /* MemoModel.swift */; };
		AE123E0C28BF399300CC18CD /* Realm in Frameworks */ = {isa = PBXBuildFile; productRef = AE123E0B28BF399300CC18CD /* Realm */; };
		AE123E0E28BF399300CC18CD /* RealmSwift in Frameworks */ = {isa = PBXBuildFile; productRef = AE123E0D28BF399300CC18CD /* RealmSwift */; };
/* End PBXBuildFile section */

/* Begin PBXFileReference section */
		AE123DF028BF356D00CC18CD /* Memo_Project.app */ = {isa = PBXFileReference; explicitFileType = wrapper.application; includeInIndex = 0; path = Memo_Project.app; sourceTree = BUILT_PRODUCTS_DIR; };
		AE123DF328BF356D00CC18CD /* AppDelegate.swift */ = {isa = PBXFileReference; lastKnownFileType = sourcecode.swift; path = AppDelegate.swift; sourceTree = "<group>"; };
		AE123DF528BF356D00CC18CD /* SceneDelegate.swift */ = {isa = PBXFileReference; lastKnownFileType = sourcecode.swift; path = SceneDelegate.swift; sourceTree = "<group>"; };
		AE123DF728BF356D00CC18CD /* ViewController.swift */ = {isa = PBXFileReference; lastKnownFileType = sourcecode.swift; path = ViewController.swift; sourceTree = "<group>"; };
		AE123DFA28BF356D00CC18CD /* Base */ = {isa = PBXFileReference; lastKnownFileType = file.storyboard; name = Base; path = Base.lproj/Main.storyboard; sourceTree = "<group>"; };
		AE123DFC28BF356F00CC18CD /* Assets.xcassets */ = {isa = PBXFileReference; lastKnownFileType = folder.assetcatalog; path = Assets.xcassets; sourceTree = "<group>"; };
		AE123DFF28BF356F00CC18CD /* Base */ = {isa = PBXFileReference; lastKnownFileType = file.storyboard; name = Base; path = Base.lproj/LaunchScreen.storyboard; sourceTree = "<group>"; };
		AE123E0128BF356F00CC18CD /* Info.plist */ = {isa = PBXFileReference; lastKnownFileType = text.plist.xml; path = Info.plist; sourceTree = "<group>"; };
		AE123E0828BF390E00CC18CD /* MemoModel.swift */ = {isa = PBXFileReference; lastKnownFileType = sourcecode.swift; path = MemoModel.swift; sourceTree = "<group>"; };
/* End PBXFileReference section */

/* Begin PBXFrameworksBuildPhase section */
		AE123DED28BF356D00CC18CD /* Frameworks */ = {
			isa = PBXFrameworksBuildPhase;
			buildActionMask = 2147483647;
			files = (
				AE123E0E28BF399300CC18CD /* RealmSwift in Frameworks */,
				AE123E0C28BF399300CC18CD /* Realm in Frameworks */,
			);
			runOnlyForDeploymentPostprocessing = 0;
		};
/* End PBXFrameworksBuildPhase section */

/* Begin PBXGroup section */
		AE123DE728BF356D00CC18CD = {
			isa = PBXGroup;
			children = (
				AE123DF228BF356D00CC18CD /* Memo_Project */,
				AE123DF128BF356D00CC18CD /* Products */,
			);
			sourceTree = "<group>";
		};
		AE123DF128BF356D00CC18CD /* Products */ = {
			isa = PBXGroup;
			children = (
				AE123DF028BF356D00CC18CD /* Memo_Project.app */,
			);
			name = Products;
			sourceTree = "<group>";
		};
		AE123DF228BF356D00CC18CD /* Memo_Project */ = {
			isa = PBXGroup;
			children = (
				AE123E0728BF38FF00CC18CD /* Realm */,
				AE123DF328BF356D00CC18CD /* AppDelegate.swift */,
				AE123DF528BF356D00CC18CD /* SceneDelegate.swift */,
				AE123DF728BF356D00CC18CD /* ViewController.swift */,
				AE123DF928BF356D00CC18CD /* Main.storyboard */,
				AE123DFC28BF356F00CC18CD /* Assets.xcassets */,
				AE123DFE28BF356F00CC18CD /* LaunchScreen.storyboard */,
				AE123E0128BF356F00CC18CD /* Info.plist */,
			);
			path = Memo_Project;
			sourceTree = "<group>";
		};
		AE123E0728BF38FF00CC18CD /* Realm */ = {
			isa = PBXGroup;
			children = (
				AE123E0828BF390E00CC18CD /* MemoModel.swift */,
			);
			path = Realm;
			sourceTree = "<group>";
		};
/* End PBXGroup section */

/* Begin PBXNativeTarget section */
		AE123DEF28BF356D00CC18CD /* Memo_Project */ = {
			isa = PBXNativeTarget;
			buildConfigurationList = AE123E0428BF356F00CC18CD /* Build configuration list for PBXNativeTarget "Memo_Project" */;
			buildPhases = (
				AE123DEC28BF356D00CC18CD /* Sources */,
				AE123DED28BF356D00CC18CD /* Frameworks */,
				AE123DEE28BF356D00CC18CD /* Resources */,
			);
			buildRules = (
			);
			dependencies = (
			);
			name = Memo_Project;
			packageProductDependencies = (
				AE123E0B28BF399300CC18CD /* Realm */,
				AE123E0D28BF399300CC18CD /* RealmSwift */,
			);
			productName = Memo_Project;
			productReference = AE123DF028BF356D00CC18CD /* Memo_Project.app */;
			productType = "com.apple.product-type.application";
		};
/* End PBXNativeTarget section */

/* Begin PBXProject section */
		AE123DE828BF356D00CC18CD /* Project object */ = {
			isa = PBXProject;
			attributes = {
				BuildIndependentTargetsInParallel = 1;
				LastSwiftUpdateCheck = 1340;
				LastUpgradeCheck = 1340;
				TargetAttributes = {
					AE123DEF28BF356D00CC18CD = {
						CreatedOnToolsVersion = 13.4.1;
					};
				};
			};
			buildConfigurationList = AE123DEB28BF356D00CC18CD /* Build configuration list for PBXProject "Memo_Project" */;
			compatibilityVersion = "Xcode 13.0";
			developmentRegion = en;
			hasScannedForEncodings = 0;
			knownRegions = (
				en,
				Base,
			);
			mainGroup = AE123DE728BF356D00CC18CD;
			packageReferences = (
				AE123E0A28BF399300CC18CD /* XCRemoteSwiftPackageReference "realm-swift" */,
			);
			productRefGroup = AE123DF128BF356D00CC18CD /* Products */;
			projectDirPath = "";
			projectRoot = "";
			targets = (
				AE123DEF28BF356D00CC18CD /* Memo_Project */,
			);
		};
/* End PBXProject section */

/* Begin PBXResourcesBuildPhase section */
		AE123DEE28BF356D00CC18CD /* Resources */ = {
			isa = PBXResourcesBuildPhase;
			buildActionMask = 2147483647;
			files = (
				AE123E0028BF356F00CC18CD /* LaunchScreen.storyboard in Resources */,
				AE123DFD28BF356F00CC18CD /* Assets.xcassets in Resources */,
				AE123DFB28BF356D00CC18CD /* Main.storyboard in Resources */,
			);
			runOnlyForDeploymentPostprocessing = 0;
		};
/* End PBXResourcesBuildPhase section */

/* Begin PBXSourcesBuildPhase section */
		AE123DEC28BF356D00CC18CD /* Sources */ = {
			isa = PBXSourcesBuildPhase;
			buildActionMask = 2147483647;
			files = (
				AE123DF828BF356D00CC18CD /* ViewController.swift in Sources */,
				AE123E0928BF390E00CC18CD /* MemoModel.swift in Sources */,
				AE123DF428BF356D00CC18CD /* AppDelegate.swift in Sources */,
				AE123DF628BF356D00CC18CD /* SceneDelegate.swift in Sources */,
			);
			runOnlyForDeploymentPostprocessing = 0;
		};
/* End PBXSourcesBuildPhase section */

/* Begin PBXVariantGroup section */
		AE123DF928BF356D00CC18CD /* Main.storyboard */ = {
			isa = PBXVariantGroup;
			children = (
				AE123DFA28BF356D00CC18CD /* Base */,
			);
			name = Main.storyboard;
			sourceTree = "<group>";
		};
		AE123DFE28BF356F00CC18CD /* LaunchScreen.storyboard */ = {
			isa = PBXVariantGroup;
			children = (
				AE123DFF28BF356F00CC18CD /* Base */,
			);
			name = LaunchScreen.storyboard;
			sourceTree = "<group>";
		};
/* End PBXVariantGroup section */

/* Begin XCBuildConfiguration section */
		AE123E0228BF356F00CC18CD /* Debug */ = {
			isa = XCBuildConfiguration;
			buildSettings = {
				ALWAYS_SEARCH_USER_PATHS = NO;
				CLANG_ANALYZER_NONNULL = YES;
				CLANG_ANALYZER_NUMBER_OBJECT_CONVERSION = YES_AGGRESSIVE;
				CLANG_CXX_LANGUAGE_STANDARD = "gnu++17";
				CLANG_ENABLE_MODULES = YES;
				CLANG_ENABLE_OBJC_ARC = YES;
				CLANG_ENABLE_OBJC_WEAK = YES;
				CLANG_WARN_BLOCK_CAPTURE_AUTORELEASING = YES;
				CLANG_WARN_BOOL_CONVERSION = YES;
				CLANG_WARN_COMMA = YES;
				CLANG_WARN_CONSTANT_CONVERSION = YES;
				CLANG_WARN_DEPRECATED_OBJC_IMPLEMENTATIONS = YES;
				CLANG_WARN_DIRECT_OBJC_ISA_USAGE = YES_ERROR;
				CLANG_WARN_DOCUMENTATION_COMMENTS = YES;
				CLANG_WARN_EMPTY_BODY = YES;
				CLANG_WARN_ENUM_CONVERSION = YES;
				CLANG_WARN_INFINITE_RECURSION = YES;
				CLANG_WARN_INT_CONVERSION = YES;
				CLANG_WARN_NON_LITERAL_NULL_CONVERSION = YES;
				CLANG_WARN_OBJC_IMPLICIT_RETAIN_SELF = YES;
				CLANG_WARN_OBJC_LITERAL_CONVERSION = YES;
				CLANG_WARN_OBJC_ROOT_CLASS = YES_ERROR;
				CLANG_WARN_QUOTED_INCLUDE_IN_FRAMEWORK_HEADER = YES;
				CLANG_WARN_RANGE_LOOP_ANALYSIS = YES;
				CLANG_WARN_STRICT_PROTOTYPES = YES;
				CLANG_WARN_SUSPICIOUS_MOVE = YES;
				CLANG_WARN_UNGUARDED_AVAILABILITY = YES_AGGRESSIVE;
				CLANG_WARN_UNREACHABLE_CODE = YES;
				CLANG_WARN__DUPLICATE_METHOD_MATCH = YES;
				COPY_PHASE_STRIP = NO;
				DEBUG_INFORMATION_FORMAT = dwarf;
				ENABLE_STRICT_OBJC_MSGSEND = YES;
				ENABLE_TESTABILITY = YES;
				GCC_C_LANGUAGE_STANDARD = gnu11;
				GCC_DYNAMIC_NO_PIC = NO;
				GCC_NO_COMMON_BLOCKS = YES;
				GCC_OPTIMIZATION_LEVEL = 0;
				GCC_PREPROCESSOR_DEFINITIONS = (
					"DEBUG=1",
					"$(inherited)",
				);
				GCC_WARN_64_TO_32_BIT_CONVERSION = YES;
				GCC_WARN_ABOUT_RETURN_TYPE = YES_ERROR;
				GCC_WARN_UNDECLARED_SELECTOR = YES;
				GCC_WARN_UNINITIALIZED_AUTOS = YES_AGGRESSIVE;
				GCC_WARN_UNUSED_FUNCTION = YES;
				GCC_WARN_UNUSED_VARIABLE = YES;
				IPHONEOS_DEPLOYMENT_TARGET = 13.0;
				MTL_ENABLE_DEBUG_INFO = INCLUDE_SOURCE;
				MTL_FAST_MATH = YES;
				ONLY_ACTIVE_ARCH = YES;
				SDKROOT = iphoneos;
				SWIFT_ACTIVE_COMPILATION_CONDITIONS = DEBUG;
				SWIFT_OPTIMIZATION_LEVEL = "-Onone";
			};
			name = Debug;
		};
		AE123E0328BF356F00CC18CD /* Release */ = {
			isa = XCBuildConfiguration;
			buildSettings = {
				ALWAYS_SEARCH_USER_PATHS = NO;
				CLANG_ANALYZER_NONNULL = YES;
				CLANG_ANALYZER_NUMBER_OBJECT_CONVERSION = YES_AGGRESSIVE;
				CLANG_CXX_LANGUAGE_STANDARD = "gnu++17";
				CLANG_ENABLE_MODULES = YES;
				CLANG_ENABLE_OBJC_ARC = YES;
				CLANG_ENABLE_OBJC_WEAK = YES;
				CLANG_WARN_BLOCK_CAPTURE_AUTORELEASING = YES;
				CLANG_WARN_BOOL_CONVERSION = YES;
				CLANG_WARN_COMMA = YES;
				CLANG_WARN_CONSTANT_CONVERSION = YES;
				CLANG_WARN_DEPRECATED_OBJC_IMPLEMENTATIONS = YES;
				CLANG_WARN_DIRECT_OBJC_ISA_USAGE = YES_ERROR;
				CLANG_WARN_DOCUMENTATION_COMMENTS = YES;
				CLANG_WARN_EMPTY_BODY = YES;
				CLANG_WARN_ENUM_CONVERSION = YES;
				CLANG_WARN_INFINITE_RECURSION = YES;
				CLANG_WARN_INT_CONVERSION = YES;
				CLANG_WARN_NON_LITERAL_NULL_CONVERSION = YES;
				CLANG_WARN_OBJC_IMPLICIT_RETAIN_SELF = YES;
				CLANG_WARN_OBJC_LITERAL_CONVERSION = YES;
				CLANG_WARN_OBJC_ROOT_CLASS = YES_ERROR;
				CLANG_WARN_QUOTED_INCLUDE_IN_FRAMEWORK_HEADER = YES;
				CLANG_WARN_RANGE_LOOP_ANALYSIS = YES;
				CLANG_WARN_STRICT_PROTOTYPES = YES;
				CLANG_WARN_SUSPICIOUS_MOVE = YES;
				CLANG_WARN_UNGUARDED_AVAILABILITY = YES_AGGRESSIVE;
				CLANG_WARN_UNREACHABLE_CODE = YES;
				CLANG_WARN__DUPLICATE_METHOD_MATCH = YES;
				COPY_PHASE_STRIP = NO;
				DEBUG_INFORMATION_FORMAT = "dwarf-with-dsym";
				ENABLE_NS_ASSERTIONS = NO;
				ENABLE_STRICT_OBJC_MSGSEND = YES;
				GCC_C_LANGUAGE_STANDARD = gnu11;
				GCC_NO_COMMON_BLOCKS = YES;
				GCC_WARN_64_TO_32_BIT_CONVERSION = YES;
				GCC_WARN_ABOUT_RETURN_TYPE = YES_ERROR;
				GCC_WARN_UNDECLARED_SELECTOR = YES;
				GCC_WARN_UNINITIALIZED_AUTOS = YES_AGGRESSIVE;
				GCC_WARN_UNUSED_FUNCTION = YES;
				GCC_WARN_UNUSED_VARIABLE = YES;
				IPHONEOS_DEPLOYMENT_TARGET = 13.0;
				MTL_ENABLE_DEBUG_INFO = NO;
				MTL_FAST_MATH = YES;
				SDKROOT = iphoneos;
				SWIFT_COMPILATION_MODE = wholemodule;
				SWIFT_OPTIMIZATION_LEVEL = "-O";
				VALIDATE_PRODUCT = YES;
			};
			name = Release;
		};
		AE123E0528BF356F00CC18CD /* Debug */ = {
			isa = XCBuildConfiguration;
			buildSettings = {
				ASSETCATALOG_COMPILER_APPICON_NAME = AppIcon;
				ASSETCATALOG_COMPILER_GLOBAL_ACCENT_COLOR_NAME = AccentColor;
				CODE_SIGN_STYLE = Automatic;
				CURRENT_PROJECT_VERSION = 1;
				DEVELOPMENT_TEAM = B2VD6SF7B9;
				GENERATE_INFOPLIST_FILE = YES;
				INFOPLIST_FILE = Memo_Project/Info.plist;
				INFOPLIST_KEY_UIApplicationSupportsIndirectInputEvents = YES;
				INFOPLIST_KEY_UILaunchStoryboardName = LaunchScreen;
				INFOPLIST_KEY_UIMainStoryboardFile = Main;
				INFOPLIST_KEY_UISupportedInterfaceOrientations = UIInterfaceOrientationPortrait;
				INFOPLIST_KEY_UISupportedInterfaceOrientations_iPad = "UIInterfaceOrientationPortrait UIInterfaceOrientationPortraitUpsideDown UIInterfaceOrientationLandscapeLeft UIInterfaceOrientationLandscapeRight";
				INFOPLIST_KEY_UISupportedInterfaceOrientations_iPhone = "UIInterfaceOrientationPortrait UIInterfaceOrientationLandscapeLeft UIInterfaceOrientationLandscapeRight";
				IPHONEOS_DEPLOYMENT_TARGET = 13.0;
				LD_RUNPATH_SEARCH_PATHS = (
					"$(inherited)",
					"@executable_path/Frameworks",
				);
				MARKETING_VERSION = 1.0;
				PRODUCT_BUNDLE_IDENTIFIER = "yeojin.SeSAC.Memo-Project";
				PRODUCT_NAME = "$(TARGET_NAME)";
				SWIFT_EMIT_LOC_STRINGS = YES;
				SWIFT_VERSION = 5.0;
				TARGETED_DEVICE_FAMILY = 1;
			};
			name = Debug;
		};
		AE123E0628BF356F00CC18CD /* Release */ = {
			isa = XCBuildConfiguration;
			buildSettings = {
				ASSETCATALOG_COMPILER_APPICON_NAME = AppIcon;
				ASSETCATALOG_COMPILER_GLOBAL_ACCENT_COLOR_NAME = AccentColor;
				CODE_SIGN_STYLE = Automatic;
				CURRENT_PROJECT_VERSION = 1;
				DEVELOPMENT_TEAM = B2VD6SF7B9;
				GENERATE_INFOPLIST_FILE = YES;
				INFOPLIST_FILE = Memo_Project/Info.plist;
				INFOPLIST_KEY_UIApplicationSupportsIndirectInputEvents = YES;
				INFOPLIST_KEY_UILaunchStoryboardName = LaunchScreen;
				INFOPLIST_KEY_UIMainStoryboardFile = Main;
				INFOPLIST_KEY_UISupportedInterfaceOrientations = UIInterfaceOrientationPortrait;
				INFOPLIST_KEY_UISupportedInterfaceOrientations_iPad = "UIInterfaceOrientationPortrait UIInterfaceOrientationPortraitUpsideDown UIInterfaceOrientationLandscapeLeft UIInterfaceOrientationLandscapeRight";
				INFOPLIST_KEY_UISupportedInterfaceOrientations_iPhone = "UIInterfaceOrientationPortrait UIInterfaceOrientationLandscapeLeft UIInterfaceOrientationLandscapeRight";
				IPHONEOS_DEPLOYMENT_TARGET = 13.0;
				LD_RUNPATH_SEARCH_PATHS = (
					"$(inherited)",
					"@executable_path/Frameworks",
				);
				MARKETING_VERSION = 1.0;
				PRODUCT_BUNDLE_IDENTIFIER = "yeojin.SeSAC.Memo-Project";
				PRODUCT_NAME = "$(TARGET_NAME)";
				SWIFT_EMIT_LOC_STRINGS = YES;
				SWIFT_VERSION = 5.0;
				TARGETED_DEVICE_FAMILY = 1;
			};
			name = Release;
		};
/* End XCBuildConfiguration section */

/* Begin XCConfigurationList section */
		AE123DEB28BF356D00CC18CD /* Build configuration list for PBXProject "Memo_Project" */ = {
			isa = XCConfigurationList;
			buildConfigurations = (
				AE123E0228BF356F00CC18CD /* Debug */,
				AE123E0328BF356F00CC18CD /* Release */,
			);
			defaultConfigurationIsVisible = 0;
			defaultConfigurationName = Release;
		};
		AE123E0428BF356F00CC18CD /* Build configuration list for PBXNativeTarget "Memo_Project" */ = {
			isa = XCConfigurationList;
			buildConfigurations = (
				AE123E0528BF356F00CC18CD /* Debug */,
				AE123E0628BF356F00CC18CD /* Release */,
			);
			defaultConfigurationIsVisible = 0;
			defaultConfigurationName = Release;
		};
/* End XCConfigurationList section */

/* Begin XCRemoteSwiftPackageReference section */
		AE123E0A28BF399300CC18CD /* XCRemoteSwiftPackageReference "realm-swift" */ = {
			isa = XCRemoteSwiftPackageReference;
			repositoryURL = "https://github.com/realm/realm-swift.git";
			requirement = {
				branch = master;
				kind = branch;
			};
		};
/* End XCRemoteSwiftPackageReference section */

/* Begin XCSwiftPackageProductDependency section */
		AE123E0B28BF399300CC18CD /* Realm */ = {
			isa = XCSwiftPackageProductDependency;
			package = AE123E0A28BF399300CC18CD /* XCRemoteSwiftPackageReference "realm-swift" */;
			productName = Realm;
		};
		AE123E0D28BF399300CC18CD /* RealmSwift */ = {
			isa = XCSwiftPackageProductDependency;
			package = AE123E0A28BF399300CC18CD /* XCRemoteSwiftPackageReference "realm-swift" */;
			productName = RealmSwift;
		};
/* End XCSwiftPackageProductDependency section */
	};
	rootObject = AE123DE828BF356D00CC18CD /* Project object */;
}
